// !$*UTF8*$!
{
	archiveVersion = 1;
	classes = {
	};
	objectVersion = 50;
	objects = {

/* Begin PBXBuildFile section */
		E06912AD23D7A7A30055CAFD /* AppDelegate.swift in Sources */ = {isa = PBXBuildFile; fileRef = E06912AC23D7A7A30055CAFD /* AppDelegate.swift */; };
		E06912AF23D7A7A30055CAFD /* SceneDelegate.swift in Sources */ = {isa = PBXBuildFile; fileRef = E06912AE23D7A7A30055CAFD /* SceneDelegate.swift */; };
		E06912B123D7A7A30055CAFD /* ViewController.swift in Sources */ = {isa = PBXBuildFile; fileRef = E06912B023D7A7A30055CAFD /* ViewController.swift */; };
		E06912B423D7A7A30055CAFD /* Main.storyboard in Resources */ = {isa = PBXBuildFile; fileRef = E06912B223D7A7A30055CAFD /* Main.storyboard */; };
		E06912B623D7A7A40055CAFD /* Assets.xcassets in Resources */ = {isa = PBXBuildFile; fileRef = E06912B523D7A7A40055CAFD /* Assets.xcassets */; };
		E06912B923D7A7A40055CAFD /* LaunchScreen.storyboard in Resources */ = {isa = PBXBuildFile; fileRef = E06912B723D7A7A40055CAFD /* LaunchScreen.storyboard */; };
/* End PBXBuildFile section */

/* Begin PBXFileReference section */
		E06912A923D7A7A30055CAFD /* CoreMotionDemo.app */ = {isa = PBXFileReference; explicitFileType = wrapper.application; includeInIndex = 0; path = CoreMotionDemo.app; sourceTree = BUILT_PRODUCTS_DIR; };
		E06912AC23D7A7A30055CAFD /* AppDelegate.swift */ = {isa = PBXFileReference; lastKnownFileType = sourcecode.swift; path = AppDelegate.swift; sourceTree = "<group>"; };
		E06912AE23D7A7A30055CAFD /* SceneDelegate.swift */ = {isa = PBXFileReference; lastKnownFileType = sourcecode.swift; path = SceneDelegate.swift; sourceTree = "<group>"; };
		E06912B023D7A7A30055CAFD /* ViewController.swift */ = {isa = PBXFileReference; lastKnownFileType = sourcecode.swift; path = ViewController.swift; sourceTree = "<group>"; };
		E06912B323D7A7A30055CAFD /* Base */ = {isa = PBXFileReference; lastKnownFileType = file.storyboard; name = Base; path = Base.lproj/Main.storyboard; sourceTree = "<group>"; };
		E06912B523D7A7A40055CAFD /* Assets.xcassets */ = {isa = PBXFileReference; lastKnownFileType = folder.assetcatalog; path = Assets.xcassets; sourceTree = "<group>"; };
		E06912B823D7A7A40055CAFD /* Base */ = {isa = PBXFileReference; lastKnownFileType = file.storyboard; name = Base; path = Base.lproj/LaunchScreen.storyboard; sourceTree = "<group>"; };
		E06912BA23D7A7A40055CAFD /* Info.plist */ = {isa = PBXFileReference; lastKnownFileType = text.plist.xml; path = Info.plist; sourceTree = "<group>"; };
/* End PBXFileReference section */

/* Begin PBXFrameworksBuildPhase section */
		E06912A623D7A7A30055CAFD /* Frameworks */ = {
			isa = PBXFrameworksBuildPhase;
			buildActionMask = 2147483647;
			files = (
			);
			runOnlyForDeploymentPostprocessing = 0;
		};
/* End PBXFrameworksBuildPhase section */

/* Begin PBXGroup section */
		E06912A023D7A7A30055CAFD = {
			isa = PBXGroup;
			children = (
				E06912AB23D7A7A30055CAFD /* CoreMotionDemo */,
				E06912AA23D7A7A30055CAFD /* Products */,
			);
			sourceTree = "<group>";
		};
		E06912AA23D7A7A30055CAFD /* Products */ = {
			isa = PBXGroup;
			children = (
				E06912A923D7A7A30055CAFD /* CoreMotionDemo.app */,
			);
			name = Products;
			sourceTree = "<group>";
		};
		E06912AB23D7A7A30055CAFD /* CoreMotionDemo */ = {
			isa = PBXGroup;
			children = (
				E06912AC23D7A7A30055CAFD /* AppDelegate.swift */,
				E06912AE23D7A7A30055CAFD /* SceneDelegate.swift */,
				E06912B023D7A7A30055CAFD /* ViewController.swift */,
				E06912B223D7A7A30055CAFD /* Main.storyboard */,
				E06912B523D7A7A40055CAFD /* Assets.xcassets */,
				E06912B723D7A7A40055CAFD /* LaunchScreen.storyboard */,
				E06912BA23D7A7A40055CAFD /* Info.plist */,
			);
			path = CoreMotionDemo;
			sourceTree = "<group>";
		};
/* End PBXGroup section */

/* Begin PBXNativeTarget section */
		E06912A823D7A7A30055CAFD /* CoreMotionDemo */ = {
			isa = PBXNativeTarget;
			buildConfigurationList = E06912BD23D7A7A40055CAFD /* Build configuration list for PBXNativeTarget "CoreMotionDemo" */;
			buildPhases = (
				E06912A523D7A7A30055CAFD /* Sources */,
				E06912A623D7A7A30055CAFD /* Frameworks */,
				E06912A723D7A7A30055CAFD /* Resources */,
			);
			buildRules = (
			);
			dependencies = (
			);
			name = CoreMotionDemo;
			productName = CoreMotionDemo;
			productReference = E06912A923D7A7A30055CAFD /* CoreMotionDemo.app */;
			productType = "com.apple.product-type.application";
		};
/* End PBXNativeTarget section */

/* Begin PBXProject section */
		E06912A123D7A7A30055CAFD /* Project object */ = {
			isa = PBXProject;
			attributes = {
				LastSwiftUpdateCheck = 1130;
				LastUpgradeCheck = 1130;
				ORGANIZATIONNAME = "Ankita Jain";
				TargetAttributes = {
					E06912A823D7A7A30055CAFD = {
						CreatedOnToolsVersion = 11.3.1;
					};
				};
			};
			buildConfigurationList = E06912A423D7A7A30055CAFD /* Build configuration list for PBXProject "CoreMotionDemo" */;
			compatibilityVersion = "Xcode 9.3";
			developmentRegion = en;
			hasScannedForEncodings = 0;
			knownRegions = (
				en,
				Base,
			);
			mainGroup = E06912A023D7A7A30055CAFD;
			productRefGroup = E06912AA23D7A7A30055CAFD /* Products */;
			projectDirPath = "";
			projectRoot = "";
			targets = (
				E06912A823D7A7A30055CAFD /* CoreMotionDemo */,
			);
		};
/* End PBXProject section */

/* Begin PBXResourcesBuildPhase section */
		E06912A723D7A7A30055CAFD /* Resources */ = {
			isa = PBXResourcesBuildPhase;
			buildActionMask = 2147483647;
			files = (
				E06912B923D7A7A40055CAFD /* LaunchScreen.storyboard in Resources */,
				E06912B623D7A7A40055CAFD /* Assets.xcassets in Resources */,
				E06912B423D7A7A30055CAFD /* Main.storyboard in Resources */,
			);
			runOnlyForDeploymentPostprocessing = 0;
		};
/* End PBXResourcesBuildPhase section */

/* Begin PBXSourcesBuildPhase section */
		E06912A523D7A7A30055CAFD /* Sources */ = {
			isa = PBXSourcesBuildPhase;
			buildActionMask = 2147483647;
			files = (
				E06912B123D7A7A30055CAFD /* ViewController.swift in Sources */,
				E06912AD23D7A7A30055CAFD /* AppDelegate.swift in Sources */,
				E06912AF23D7A7A30055CAFD /* SceneDelegate.swift in Sources */,
			);
			runOnlyForDeploymentPostprocessing = 0;
		};
/* End PBXSourcesBuildPhase section */

/* Begin PBXVariantGroup section */
		E06912B223D7A7A30055CAFD /* Main.storyboard */ = {
			isa = PBXVariantGroup;
			children = (
				E06912B323D7A7A30055CAFD /* Base */,
			);
			name = Main.storyboard;
			sourceTree = "<group>";
		};
		E06912B723D7A7A40055CAFD /* LaunchScreen.storyboard */ = {
			isa = PBXVariantGroup;
			children = (
				E06912B823D7A7A40055CAFD /* Base */,
			);
			name = LaunchScreen.storyboard;
			sourceTree = "<group>";
		};
/* End PBXVariantGroup section */

/* Begin XCBuildConfiguration section */
		E06912BB23D7A7A40055CAFD /* Debug */ = {
			isa = XCBuildConfiguration;
			buildSettings = {
				ALWAYS_SEARCH_USER_PATHS = NO;
				CLANG_ANALYZER_NONNULL = YES;
				CLANG_ANALYZER_NUMBER_OBJECT_CONVERSION = YES_AGGRESSIVE;
				CLANG_CXX_LANGUAGE_STANDARD = "gnu++14";
				CLANG_CXX_LIBRARY = "libc++";
				CLANG_ENABLE_MODULES = YES;
				CLANG_ENABLE_OBJC_ARC = YES;
				CLANG_ENABLE_OBJC_WEAK = YES;
				CLANG_WARN_BLOCK_CAPTURE_AUTORELEASING = YES;
				CLANG_WARN_BOOL_CONVERSION = YES;
				CLANG_WARN_COMMA = YES;
				CLANG_WARN_CONSTANT_CONVERSION = YES;
				CLANG_WARN_DEPRECATED_OBJC_IMPLEMENTATIONS = YES;
				CLANG_WARN_DIRECT_OBJC_ISA_USAGE = YES_ERROR;
				CLANG_WARN_DOCUMENTATION_COMMENTS = YES;
				CLANG_WARN_EMPTY_BODY = YES;
				CLANG_WARN_ENUM_CONVERSION = YES;
				CLANG_WARN_INFINITE_RECURSION = YES;
				CLANG_WARN_INT_CONVERSION = YES;
				CLANG_WARN_NON_LITERAL_NULL_CONVERSION = YES;
				CLANG_WARN_OBJC_IMPLICIT_RETAIN_SELF = YES;
				CLANG_WARN_OBJC_LITERAL_CONVERSION = YES;
				CLANG_WARN_OBJC_ROOT_CLASS = YES_ERROR;
				CLANG_WARN_RANGE_LOOP_ANALYSIS = YES;
				CLANG_WARN_STRICT_PROTOTYPES = YES;
				CLANG_WARN_SUSPICIOUS_MOVE = YES;
				CLANG_WARN_UNGUARDED_AVAILABILITY = YES_AGGRESSIVE;
				CLANG_WARN_UNREACHABLE_CODE = YES;
				CLANG_WARN__DUPLICATE_METHOD_MATCH = YES;
				COPY_PHASE_STRIP = NO;
				DEBUG_INFORMATION_FORMAT = dwarf;
				ENABLE_STRICT_OBJC_MSGSEND = YES;
				ENABLE_TESTABILITY = YES;
				GCC_C_LANGUAGE_STANDARD = gnu11;
				GCC_DYNAMIC_NO_PIC = NO;
				GCC_NO_COMMON_BLOCKS = YES;
				GCC_OPTIMIZATION_LEVEL = 0;
				GCC_PREPROCESSOR_DEFINITIONS = (
					"DEBUG=1",
					"$(inherited)",
				);
				GCC_WARN_64_TO_32_BIT_CONVERSION = YES;
				GCC_WARN_ABOUT_RETURN_TYPE = YES_ERROR;
				GCC_WARN_UNDECLARED_SELECTOR = YES;
				GCC_WARN_UNINITIALIZED_AUTOS = YES_AGGRESSIVE;
				GCC_WARN_UNUSED_FUNCTION = YES;
				GCC_WARN_UNUSED_VARIABLE = YES;
				IPHONEOS_DEPLOYMENT_TARGET = 13.2;
				MTL_ENABLE_DEBUG_INFO = INCLUDE_SOURCE;
				MTL_FAST_MATH = YES;
				ONLY_ACTIVE_ARCH = YES;
				SDKROOT = iphoneos;
				SWIFT_ACTIVE_COMPILATION_CONDITIONS = DEBUG;
				SWIFT_OPTIMIZATION_LEVEL = "-Onone";
			};
			name = Debug;
		};
		E06912BC23D7A7A40055CAFD /* Release */ = {
			isa = XCBuildConfiguration;
			buildSettings = {
				ALWAYS_SEARCH_USER_PATHS = NO;
				CLANG_ANALYZER_NONNULL = YES;
				CLANG_ANALYZER_NUMBER_OBJECT_CONVERSION = YES_AGGRESSIVE;
				CLANG_CXX_LANGUAGE_STANDARD = "gnu++14";
				CLANG_CXX_LIBRARY = "libc++";
				CLANG_ENABLE_MODULES = YES;
				CLANG_ENABLE_OBJC_ARC = YES;
				CLANG_ENABLE_OBJC_WEAK = YES;
				CLANG_WARN_BLOCK_CAPTURE_AUTORELEASING = YES;
				CLANG_WARN_BOOL_CONVERSION = YES;
				CLANG_WARN_COMMA = YES;
				CLANG_WARN_CONSTANT_CONVERSION = YES;
				CLANG_WARN_DEPRECATED_OBJC_IMPLEMENTATIONS = YES;
				CLANG_WARN_DIRECT_OBJC_ISA_USAGE = YES_ERROR;
				CLANG_WARN_DOCUMENTATION_COMMENTS = YES;
				CLANG_WARN_EMPTY_BODY = YES;
				CLANG_WARN_ENUM_CONVERSION = YES;
				CLANG_WARN_INFINITE_RECURSION = YES;
				CLANG_WARN_INT_CONVERSION = YES;
				CLANG_WARN_NON_LITERAL_NULL_CONVERSION = YES;
				CLANG_WARN_OBJC_IMPLICIT_RETAIN_SELF = YES;
				CLANG_WARN_OBJC_LITERAL_CONVERSION = YES;
				CLANG_WARN_OBJC_ROOT_CLASS = YES_ERROR;
				CLANG_WARN_RANGE_LOOP_ANALYSIS = YES;
				CLANG_WARN_STRICT_PROTOTYPES = YES;
				CLANG_WARN_SUSPICIOUS_MOVE = YES;
				CLANG_WARN_UNGUARDED_AVAILABILITY = YES_AGGRESSIVE;
				CLANG_WARN_UNREACHABLE_CODE = YES;
				CLANG_WARN__DUPLICATE_METHOD_MATCH = YES;
				COPY_PHASE_STRIP = NO;
				DEBUG_INFORMATION_FORMAT = "dwarf-with-dsym";
				ENABLE_NS_ASSERTIONS = NO;
				ENABLE_STRICT_OBJC_MSGSEND = YES;
				GCC_C_LANGUAGE_STANDARD = gnu11;
				GCC_NO_COMMON_BLOCKS = YES;
				GCC_WARN_64_TO_32_BIT_CONVERSION = YES;
				GCC_WARN_ABOUT_RETURN_TYPE = YES_ERROR;
				GCC_WARN_UNDECLARED_SELECTOR = YES;
				GCC_WARN_UNINITIALIZED_AUTOS = YES_AGGRESSIVE;
				GCC_WARN_UNUSED_FUNCTION = YES;
				GCC_WARN_UNUSED_VARIABLE = YES;
				IPHONEOS_DEPLOYMENT_TARGET = 13.2;
				MTL_ENABLE_DEBUG_INFO = NO;
				MTL_FAST_MATH = YES;
				SDKROOT = iphoneos;
				SWIFT_COMPILATION_MODE = wholemodule;
				SWIFT_OPTIMIZATION_LEVEL = "-O";
				VALIDATE_PRODUCT = YES;
			};
			name = Release;
		};
		E06912BE23D7A7A40055CAFD /* Debug */ = {
			isa = XCBuildConfiguration;
			buildSettings = {
				ASSETCATALOG_COMPILER_APPICON_NAME = AppIcon;
				CODE_SIGN_STYLE = Automatic;
				DEVELOPMENT_TEAM = 4D8V5RZBKQ;
				INFOPLIST_FILE = CoreMotionDemo/Info.plist;
				LD_RUNPATH_SEARCH_PATHS = (
					"$(inherited)",
					"@executable_path/Frameworks",
				);
				PRODUCT_BUNDLE_IDENTIFIER = com.ankita.CoreMotionDemo;
				PRODUCT_NAME = "$(TARGET_NAME)";
				SWIFT_VERSION = 5.0;
				TARGETED_DEVICE_FAMILY = "1,2";
			};
			name = Debug;
		};
		E06912BF23D7A7A40055CAFD /* Release */ = {
			isa = XCBuildConfiguration;
			buildSettings = {
				ASSETCATALOG_COMPILER_APPICON_NAME = AppIcon;
				CODE_SIGN_STYLE = Automatic;
				DEVELOPMENT_TEAM = 4D8V5RZBKQ;
				INFOPLIST_FILE = CoreMotionDemo/Info.plist;
				LD_RUNPATH_SEARCH_PATHS = (
					"$(inherited)",
					"@executable_path/Frameworks",
				);
				PRODUCT_BUNDLE_IDENTIFIER = com.ankita.CoreMotionDemo;
				PRODUCT_NAME = "$(TARGET_NAME)";
				SWIFT_VERSION = 5.0;
				TARGETED_DEVICE_FAMILY = "1,2";
			};
			name = Release;
		};
/* End XCBuildConfiguration section */

/* Begin XCConfigurationList section */
		E06912A423D7A7A30055CAFD /* Build configuration list for PBXProject "CoreMotionDemo" */ = {
			isa = XCConfigurationList;
			buildConfigurations = (
				E06912BB23D7A7A40055CAFD /* Debug */,
				E06912BC23D7A7A40055CAFD /* Release */,
			);
			defaultConfigurationIsVisible = 0;
			defaultConfigurationName = Release;
		};
		E06912BD23D7A7A40055CAFD /* Build configuration list for PBXNativeTarget "CoreMotionDemo" */ = {
			isa = XCConfigurationList;
			buildConfigurations = (
				E06912BE23D7A7A40055CAFD /* Debug */,
				E06912BF23D7A7A40055CAFD /* Release */,
			);
			defaultConfigurationIsVisible = 0;
			defaultConfigurationName = Release;
		};
/* End XCConfigurationList section */
	};
	rootObject = E06912A123D7A7A30055CAFD /* Project object */;
}
